
Microsoft Visual Studio Solution File, Format Version 12.00
# Visual Studio Version 17
VisualStudioVersion = 17.7.34221.43
MinimumVisualStudioVersion = 10.0.40219.1
Project("{FAE04EC0-301F-11D3-BF4B-00C04F79EFBC}") = "SetterBug.Android", "SetterBug\SetterBug.Android\SetterBug.Android.csproj", "{869220CE-8FE3-43F9-B071-DDBBC0477BD1}"
EndProject
Project("{FAE04EC0-301F-11D3-BF4B-00C04F79EFBC}") = "SetterBug.iOS", "SetterBug\SetterBug.iOS\SetterBug.iOS.csproj", "{D6883960-0792-44A5-8E3C-F77A3D89D2CA}"
EndProject
Project("{FAE04EC0-301F-11D3-BF4B-00C04F79EFBC}") = "SetterBug", "SetterBug\SetterBug\SetterBug.csproj", "{4DDAF035-9E13-4EFE-8323-B3119E9E91B0}"
EndProject
Global
	GlobalSection(SolutionConfigurationPlatforms) = preSolution
		Debug|Any CPU = Debug|Any CPU
		Debug|iPhone = Debug|iPhone
		Debug|iPhoneSimulator = Debug|iPhoneSimulator
		Release|Any CPU = Release|Any CPU
		Release|iPhone = Release|iPhone
		Release|iPhoneSimulator = Release|iPhoneSimulator
	EndGlobalSection
	GlobalSection(ProjectConfigurationPlatforms) = postSolution
		{869220CE-8FE3-43F9-B071-DDBBC0477BD1}.Debug|Any CPU.ActiveCfg = Debug|Any CPU
		{869220CE-8FE3-43F9-B071-DDBBC0477BD1}.Debug|Any CPU.Build.0 = Debug|Any CPU
		{869220CE-8FE3-43F9-B071-DDBBC0477BD1}.Debug|Any CPU.Deploy.0 = Debug|Any CPU
		{869220CE-8FE3-43F9-B071-DDBBC0477BD1}.Debug|iPhone.ActiveCfg = Debug|Any CPU
		{869220CE-8FE3-43F9-B071-DDBBC0477BD1}.Debug|iPhone.Build.0 = Debug|Any CPU
		{869220CE-8FE3-43F9-B071-DDBBC0477BD1}.Debug|iPhone.Deploy.0 = Debug|Any CPU
		{869220CE-8FE3-43F9-B071-DDBBC0477BD1}.Debug|iPhoneSimulator.ActiveCfg = Debug|Any CPU
		{869220CE-8FE3-43F9-B071-DDBBC0477BD1}.Debug|iPhoneSimulator.Build.0 = Debug|Any CPU
		{869220CE-8FE3-43F9-B071-DDBBC0477BD1}.Debug|iPhoneSimulator.Deploy.0 = Debug|Any CPU
		{869220CE-8FE3-43F9-B071-DDBBC0477BD1}.Release|Any CPU.ActiveCfg = Release|Any CPU
		{869220CE-8FE3-43F9-B071-DDBBC0477BD1}.Release|Any CPU.Build.0 = Release|Any CPU
		{869220CE-8FE3-43F9-B071-DDBBC0477BD1}.Release|Any CPU.Deploy.0 = Release|Any CPU
		{869220CE-8FE3-43F9-B071-DDBBC0477BD1}.Release|iPhone.ActiveCfg = Release|Any CPU
		{869220CE-8FE3-43F9-B071-DDBBC0477BD1}.Release|iPhone.Build.0 = Release|Any CPU
		{869220CE-8FE3-43F9-B071-DDBBC0477BD1}.Release|iPhone.Deploy.0 = Release|Any CPU
		{869220CE-8FE3-43F9-B071-DDBBC0477BD1}.Release|iPhoneSimulator.ActiveCfg = Release|Any CPU
		{869220CE-8FE3-43F9-B071-DDBBC0477BD1}.Release|iPhoneSimulator.Build.0 = Release|Any CPU
		{869220CE-8FE3-43F9-B071-DDBBC0477BD1}.Release|iPhoneSimulator.Deploy.0 = Release|Any CPU
		{D6883960-0792-44A5-8E3C-F77A3D89D2CA}.Debug|Any CPU.ActiveCfg = Debug|iPhone
		{D6883960-0792-44A5-8E3C-F77A3D89D2CA}.Debug|Any CPU.Build.0 = Debug|iPhone
		{D6883960-0792-44A5-8E3C-F77A3D89D2CA}.Debug|Any CPU.Deploy.0 = Debug|iPhone
		{D6883960-0792-44A5-8E3C-F77A3D89D2CA}.Debug|iPhone.ActiveCfg = Debug|iPhone
		{D6883960-0792-44A5-8E3C-F77A3D89D2CA}.Debug|iPhone.Build.0 = Debug|iPhone
		{D6883960-0792-44A5-8E3C-F77A3D89D2CA}.Debug|iPhone.Deploy.0 = Debug|iPhone
		{D6883960-0792-44A5-8E3C-F77A3D89D2CA}.Debug|iPhoneSimulator.ActiveCfg = Debug|iPhoneSimulator
		{D6883960-0792-44A5-8E3C-F77A3D89D2CA}.Debug|iPhoneSimulator.Build.0 = Debug|iPhoneSimulator
		{D6883960-0792-44A5-8E3C-F77A3D89D2CA}.Debug|iPhoneSimulator.Deploy.0 = Debug|iPhoneSimulator
		{D6883960-0792-44A5-8E3C-F77A3D89D2CA}.Release|Any CPU.ActiveCfg = Release|iPhoneSimulator
		{D6883960-0792-44A5-8E3C-F77A3D89D2CA}.Release|Any CPU.Build.0 = Release|iPhoneSimulator
		{D6883960-0792-44A5-8E3C-F77A3D89D2CA}.Release|Any CPU.Deploy.0 = Release|iPhoneSimulator
		{D6883960-0792-44A5-8E3C-F77A3D89D2CA}.Release|iPhone.ActiveCfg = Release|iPhone
		{D6883960-0792-44A5-8E3C-F77A3D89D2CA}.Release|iPhone.Build.0 = Release|iPhone
		{D6883960-0792-44A5-8E3C-F77A3D89D2CA}.Release|iPhone.Deploy.0 = Release|iPhone
		{D6883960-0792-44A5-8E3C-F77A3D89D2CA}.Release|iPhoneSimulator.ActiveCfg = Release|iPhoneSimulator
		{D6883960-0792-44A5-8E3C-F77A3D89D2CA}.Release|iPhoneSimulator.Build.0 = Release|iPhoneSimulator
		{D6883960-0792-44A5-8E3C-F77A3D89D2CA}.Release|iPhoneSimulator.Deploy.0 = Release|iPhoneSimulator
		{4DDAF035-9E13-4EFE-8323-B3119E9E91B0}.Debug|Any CPU.ActiveCfg = Debug|Any CPU
		{4DDAF035-9E13-4EFE-8323-B3119E9E91B0}.Debug|Any CPU.Build.0 = Debug|Any CPU
		{4DDAF035-9E13-4EFE-8323-B3119E9E91B0}.Debug|Any CPU.Deploy.0 = Debug|Any CPU
		{4DDAF035-9E13-4EFE-8323-B3119E9E91B0}.Debug|iPhone.ActiveCfg = Debug|Any CPU
		{4DDAF035-9E13-4EFE-8323-B3119E9E91B0}.Debug|iPhone.Build.0 = Debug|Any CPU
		{4DDAF035-9E13-4EFE-8323-B3119E9E91B0}.Debug|iPhone.Deploy.0 = Debug|Any CPU
		{4DDAF035-9E13-4EFE-8323-B3119E9E91B0}.Debug|iPhoneSimulator.ActiveCfg = Debug|Any CPU
		{4DDAF035-9E13-4EFE-8323-B3119E9E91B0}.Debug|iPhoneSimulator.Build.0 = Debug|Any CPU
		{4DDAF035-9E13-4EFE-8323-B3119E9E91B0}.Debug|iPhoneSimulator.Deploy.0 = Debug|Any CPU
		{4DDAF035-9E13-4EFE-8323-B3119E9E91B0}.Release|Any CPU.ActiveCfg = Release|Any CPU
		{4DDAF035-9E13-4EFE-8323-B3119E9E91B0}.Release|Any CPU.Build.0 = Release|Any CPU
		{4DDAF035-9E13-4EFE-8323-B3119E9E91B0}.Release|Any CPU.Deploy.0 = Release|Any CPU
		{4DDAF035-9E13-4EFE-8323-B3119E9E91B0}.Release|iPhone.ActiveCfg = Release|Any CPU
		{4DDAF035-9E13-4EFE-8323-B3119E9E91B0}.Release|iPhone.Build.0 = Release|Any CPU
		{4DDAF035-9E13-4EFE-8323-B3119E9E91B0}.Release|iPhone.Deploy.0 = Release|Any CPU
		{4DDAF035-9E13-4EFE-8323-B3119E9E91B0}.Release|iPhoneSimulator.ActiveCfg = Release|Any CPU
		{4DDAF035-9E13-4EFE-8323-B3119E9E91B0}.Release|iPhoneSimulator.Build.0 = Release|Any CPU
		{4DDAF035-9E13-4EFE-8323-B3119E9E91B0}.Release|iPhoneSimulator.Deploy.0 = Release|Any CPU
	EndGlobalSection
	GlobalSection(SolutionProperties) = preSolution
		HideSolutionNode = FALSE
	EndGlobalSection
	GlobalSection(ExtensibilityGlobals) = postSolution
		SolutionGuid = {B4AE91ED-EC5C-412B-B9BF-6B321E4FD581}
	EndGlobalSection
EndGlobal
